
Microsoft Visual Studio Solution File, Format Version 12.00
# Visual Studio Version 17
VisualStudioVersion = 17.1.32319.34
MinimumVisualStudioVersion = 10.0.40219.1
Project("{9A19103F-16F7-4668-BE54-9A1E7A4F7556}") = "motion3fix", "motion3fix.csproj", "{6C0B9307-5298-445B-9D23-3F219C9B359A}"
EndProject
Global
	GlobalSection(SolutionConfigurationPlatforms) = preSolution
		Debug|Any CPU = Debug|Any CPU
		Release|Any CPU = Release|Any CPU
	EndGlobalSection
	GlobalSection(ProjectConfigurationPlatforms) = postSolution
		{6C0B9307-5298-445B-9D23-3F219C9B359A}.Debug|Any CPU.ActiveCfg = Debug|Any CPU
		{6C0B9307-5298-445B-9D23-3F219C9B359A}.Debug|Any CPU.Build.0 = Debug|Any CPU
		{6C0B9307-5298-445B-9D23-3F219C9B359A}.Release|Any CPU.ActiveCfg = Release|Any CPU
		{6C0B9307-5298-445B-9D23-3F219C9B359A}.Release|Any CPU.Build.0 = Release|Any CPU
	EndGlobalSection
	GlobalSection(SolutionProperties) = preSolution
		HideSolutionNode = FALSE
	EndGlobalSection
	GlobalSection(ExtensibilityGlobals) = postSolution
		SolutionGuid = {104A4269-E0C0-474C-AC3C-3CDAD2A79C3A}
	EndGlobalSection
EndGlobal
